// !$*UTF8*$!
{
	archiveVersion = 1;
	classes = {
	};
	objectVersion = 55;
	objects = {

/* Begin PBXBuildFile section */
		395AA7BF27C01D6300BFAE86 /* AppDelegate.swift in Sources */ = {isa = PBXBuildFile; fileRef = 395AA7BE27C01D6300BFAE86 /* AppDelegate.swift */; };
		395AA7C127C01D6300BFAE86 /* SceneDelegate.swift in Sources */ = {isa = PBXBuildFile; fileRef = 395AA7C027C01D6300BFAE86 /* SceneDelegate.swift */; };
		395AA7C327C01D6300BFAE86 /* ViewController.swift in Sources */ = {isa = PBXBuildFile; fileRef = 395AA7C227C01D6300BFAE86 /* ViewController.swift */; };
		395AA7C627C01D6300BFAE86 /* Main.storyboard in Resources */ = {isa = PBXBuildFile; fileRef = 395AA7C427C01D6300BFAE86 /* Main.storyboard */; };
		395AA7C827C01D6600BFAE86 /* Assets.xcassets in Resources */ = {isa = PBXBuildFile; fileRef = 395AA7C727C01D6600BFAE86 /* Assets.xcassets */; };
		395AA7CB27C01D6600BFAE86 /* LaunchScreen.storyboard in Resources */ = {isa = PBXBuildFile; fileRef = 395AA7C927C01D6600BFAE86 /* LaunchScreen.storyboard */; };
		395AA7E027C1640400BFAE86 /* ClothingClassifier.mlmodel in Sources */ = {isa = PBXBuildFile; fileRef = 395AA7DF27C1640400BFAE86 /* ClothingClassifier.mlmodel */; };
		395AA7E227C167BE00BFAE86 /* Clothing.swift in Sources */ = {isa = PBXBuildFile; fileRef = 395AA7E127C167BE00BFAE86 /* Clothing.swift */; };
		39A42B3727C83FA000947C52 /* Defaults.plist in Resources */ = {isa = PBXBuildFile; fileRef = 39A42B3627C83FA000947C52 /* Defaults.plist */; };
		39FBE40E2835E93100A545D5 /* Constants.swift in Sources */ = {isa = PBXBuildFile; fileRef = 39FBE40D2835E93100A545D5 /* Constants.swift */; };
/* End PBXBuildFile section */

/* Begin PBXFileReference section */
		395AA7BB27C01D6300BFAE86 /* OutfitGenerator.app */ = {isa = PBXFileReference; explicitFileType = wrapper.application; includeInIndex = 0; path = OutfitGenerator.app; sourceTree = BUILT_PRODUCTS_DIR; };
		395AA7BE27C01D6300BFAE86 /* AppDelegate.swift */ = {isa = PBXFileReference; lastKnownFileType = sourcecode.swift; path = AppDelegate.swift; sourceTree = "<group>"; };
		395AA7C027C01D6300BFAE86 /* SceneDelegate.swift */ = {isa = PBXFileReference; lastKnownFileType = sourcecode.swift; path = SceneDelegate.swift; sourceTree = "<group>"; };
		395AA7C227C01D6300BFAE86 /* ViewController.swift */ = {isa = PBXFileReference; lastKnownFileType = sourcecode.swift; path = ViewController.swift; sourceTree = "<group>"; };
		395AA7C527C01D6300BFAE86 /* Base */ = {isa = PBXFileReference; lastKnownFileType = file.storyboard; name = Base; path = Base.lproj/Main.storyboard; sourceTree = "<group>"; };
		395AA7C727C01D6600BFAE86 /* Assets.xcassets */ = {isa = PBXFileReference; lastKnownFileType = folder.assetcatalog; path = Assets.xcassets; sourceTree = "<group>"; };
		395AA7CA27C01D6600BFAE86 /* Base */ = {isa = PBXFileReference; lastKnownFileType = file.storyboard; name = Base; path = Base.lproj/LaunchScreen.storyboard; sourceTree = "<group>"; };
		395AA7CC27C01D6600BFAE86 /* Info.plist */ = {isa = PBXFileReference; lastKnownFileType = text.plist.xml; path = Info.plist; sourceTree = "<group>"; };
		395AA7DF27C1640400BFAE86 /* ClothingClassifier.mlmodel */ = {isa = PBXFileReference; lastKnownFileType = file.mlmodel; path = ClothingClassifier.mlmodel; sourceTree = "<group>"; };
		395AA7E127C167BE00BFAE86 /* Clothing.swift */ = {isa = PBXFileReference; lastKnownFileType = sourcecode.swift; path = Clothing.swift; sourceTree = "<group>"; };
		39A42B3627C83FA000947C52 /* Defaults.plist */ = {isa = PBXFileReference; lastKnownFileType = text.plist.xml; path = Defaults.plist; sourceTree = "<group>"; };
		39FBE40D2835E93100A545D5 /* Constants.swift */ = {isa = PBXFileReference; lastKnownFileType = sourcecode.swift; path = Constants.swift; sourceTree = "<group>"; };
/* End PBXFileReference section */

/* Begin PBXFrameworksBuildPhase section */
		395AA7B827C01D6300BFAE86 /* Frameworks */ = {
			isa = PBXFrameworksBuildPhase;
			buildActionMask = 2147483647;
			files = (
			);
			runOnlyForDeploymentPostprocessing = 0;
		};
/* End PBXFrameworksBuildPhase section */

/* Begin PBXGroup section */
		395AA7B227C01D6200BFAE86 = {
			isa = PBXGroup;
			children = (
				39A42B3627C83FA000947C52 /* Defaults.plist */,
				395AA7BD27C01D6300BFAE86 /* OutfitGenerator */,
				395AA7BC27C01D6300BFAE86 /* Products */,
			);
			sourceTree = "<group>";
		};
		395AA7BC27C01D6300BFAE86 /* Products */ = {
			isa = PBXGroup;
			children = (
				395AA7BB27C01D6300BFAE86 /* OutfitGenerator.app */,
			);
			name = Products;
			sourceTree = "<group>";
		};
		395AA7BD27C01D6300BFAE86 /* OutfitGenerator */ = {
			isa = PBXGroup;
			children = (
				395AA7BE27C01D6300BFAE86 /* AppDelegate.swift */,
				395AA7C027C01D6300BFAE86 /* SceneDelegate.swift */,
				395AA7E327C169BB00BFAE86 /* Model */,
				395AA7E527C169DE00BFAE86 /* View */,
				395AA7E427C169CF00BFAE86 /* Controller */,
				39FBE40F2835EA1E00A545D5 /* Supporting Files */,
				395AA7CC27C01D6600BFAE86 /* Info.plist */,
			);
			path = OutfitGenerator;
			sourceTree = "<group>";
		};
		395AA7E327C169BB00BFAE86 /* Model */ = {
			isa = PBXGroup;
			children = (
				395AA7DF27C1640400BFAE86 /* ClothingClassifier.mlmodel */,
				395AA7E127C167BE00BFAE86 /* Clothing.swift */,
			);
			path = Model;
			sourceTree = "<group>";
		};
		395AA7E427C169CF00BFAE86 /* Controller */ = {
			isa = PBXGroup;
			children = (
				395AA7C227C01D6300BFAE86 /* ViewController.swift */,
			);
			path = Controller;
			sourceTree = "<group>";
		};
		395AA7E527C169DE00BFAE86 /* View */ = {
			isa = PBXGroup;
			children = (
				395AA7C427C01D6300BFAE86 /* Main.storyboard */,
			);
			path = View;
			sourceTree = "<group>";
		};
		39FBE40F2835EA1E00A545D5 /* Supporting Files */ = {
			isa = PBXGroup;
			children = (
				39FBE40D2835E93100A545D5 /* Constants.swift */,
				395AA7C727C01D6600BFAE86 /* Assets.xcassets */,
				395AA7C927C01D6600BFAE86 /* LaunchScreen.storyboard */,
			);
			path = "Supporting Files";
			sourceTree = "<group>";
		};
/* End PBXGroup section */

/* Begin PBXNativeTarget section */
		395AA7BA27C01D6300BFAE86 /* OutfitGenerator */ = {
			isa = PBXNativeTarget;
			buildConfigurationList = 395AA7CF27C01D6600BFAE86 /* Build configuration list for PBXNativeTarget "OutfitGenerator" */;
			buildPhases = (
				395AA7B727C01D6300BFAE86 /* Sources */,
				395AA7B827C01D6300BFAE86 /* Frameworks */,
				395AA7B927C01D6300BFAE86 /* Resources */,
			);
			buildRules = (
			);
			dependencies = (
			);
			name = OutfitGenerator;
			packageProductDependencies = (
			);
			productName = OutfitGenerator;
			productReference = 395AA7BB27C01D6300BFAE86 /* OutfitGenerator.app */;
			productType = "com.apple.product-type.application";
		};
/* End PBXNativeTarget section */

/* Begin PBXProject section */
		395AA7B327C01D6200BFAE86 /* Project object */ = {
			isa = PBXProject;
			attributes = {
				BuildIndependentTargetsInParallel = 1;
				LastSwiftUpdateCheck = 1320;
				LastUpgradeCheck = 1320;
				TargetAttributes = {
					395AA7BA27C01D6300BFAE86 = {
						CreatedOnToolsVersion = 13.2.1;
					};
				};
			};
			buildConfigurationList = 395AA7B627C01D6200BFAE86 /* Build configuration list for PBXProject "OutfitGenerator" */;
			compatibilityVersion = "Xcode 13.0";
			developmentRegion = en;
			hasScannedForEncodings = 0;
			knownRegions = (
				en,
				Base,
			);
			mainGroup = 395AA7B227C01D6200BFAE86;
			packageReferences = (
			);
			productRefGroup = 395AA7BC27C01D6300BFAE86 /* Products */;
			projectDirPath = "";
			projectRoot = "";
			targets = (
				395AA7BA27C01D6300BFAE86 /* OutfitGenerator */,
			);
		};
/* End PBXProject section */

/* Begin PBXResourcesBuildPhase section */
		395AA7B927C01D6300BFAE86 /* Resources */ = {
			isa = PBXResourcesBuildPhase;
			buildActionMask = 2147483647;
			files = (
				39A42B3727C83FA000947C52 /* Defaults.plist in Resources */,
				395AA7CB27C01D6600BFAE86 /* LaunchScreen.storyboard in Resources */,
				395AA7C827C01D6600BFAE86 /* Assets.xcassets in Resources */,
				395AA7C627C01D6300BFAE86 /* Main.storyboard in Resources */,
			);
			runOnlyForDeploymentPostprocessing = 0;
		};
/* End PBXResourcesBuildPhase section */

/* Begin PBXSourcesBuildPhase section */
		395AA7B727C01D6300BFAE86 /* Sources */ = {
			isa = PBXSourcesBuildPhase;
			buildActionMask = 2147483647;
			files = (
				395AA7C327C01D6300BFAE86 /* ViewController.swift in Sources */,
				395AA7BF27C01D6300BFAE86 /* AppDelegate.swift in Sources */,
				395AA7E227C167BE00BFAE86 /* Clothing.swift in Sources */,
				395AA7C127C01D6300BFAE86 /* SceneDelegate.swift in Sources */,
				395AA7E027C1640400BFAE86 /* ClothingClassifier.mlmodel in Sources */,
				39FBE40E2835E93100A545D5 /* Constants.swift in Sources */,
			);
			runOnlyForDeploymentPostprocessing = 0;
		};
/* End PBXSourcesBuildPhase section */

/* Begin PBXVariantGroup section */
		395AA7C427C01D6300BFAE86 /* Main.storyboard */ = {
			isa = PBXVariantGroup;
			children = (
				395AA7C527C01D6300BFAE86 /* Base */,
			);
			name = Main.storyboard;
			sourceTree = "<group>";
		};
		395AA7C927C01D6600BFAE86 /* LaunchScreen.storyboard */ = {
			isa = PBXVariantGroup;
			children = (
				395AA7CA27C01D6600BFAE86 /* Base */,
			);
			name = LaunchScreen.storyboard;
			sourceTree = "<group>";
		};
/* End PBXVariantGroup section */

/* Begin XCBuildConfiguration section */
		395AA7CD27C01D6600BFAE86 /* Debug */ = {
			isa = XCBuildConfiguration;
			buildSettings = {
				ALWAYS_SEARCH_USER_PATHS = NO;
				CLANG_ANALYZER_NONNULL = YES;
				CLANG_ANALYZER_NUMBER_OBJECT_CONVERSION = YES_AGGRESSIVE;
				CLANG_CXX_LANGUAGE_STANDARD = "gnu++17";
				CLANG_CXX_LIBRARY = "libc++";
				CLANG_ENABLE_MODULES = YES;
				CLANG_ENABLE_OBJC_ARC = YES;
				CLANG_ENABLE_OBJC_WEAK = YES;
				CLANG_WARN_BLOCK_CAPTURE_AUTORELEASING = YES;
				CLANG_WARN_BOOL_CONVERSION = YES;
				CLANG_WARN_COMMA = YES;
				CLANG_WARN_CONSTANT_CONVERSION = YES;
				CLANG_WARN_DEPRECATED_OBJC_IMPLEMENTATIONS = YES;
				CLANG_WARN_DIRECT_OBJC_ISA_USAGE = YES_ERROR;
				CLANG_WARN_DOCUMENTATION_COMMENTS = YES;
				CLANG_WARN_EMPTY_BODY = YES;
				CLANG_WARN_ENUM_CONVERSION = YES;
				CLANG_WARN_INFINITE_RECURSION = YES;
				CLANG_WARN_INT_CONVERSION = YES;
				CLANG_WARN_NON_LITERAL_NULL_CONVERSION = YES;
				CLANG_WARN_OBJC_IMPLICIT_RETAIN_SELF = YES;
				CLANG_WARN_OBJC_LITERAL_CONVERSION = YES;
				CLANG_WARN_OBJC_ROOT_CLASS = YES_ERROR;
				CLANG_WARN_QUOTED_INCLUDE_IN_FRAMEWORK_HEADER = YES;
				CLANG_WARN_RANGE_LOOP_ANALYSIS = YES;
				CLANG_WARN_STRICT_PROTOTYPES = YES;
				CLANG_WARN_SUSPICIOUS_MOVE = YES;
				CLANG_WARN_UNGUARDED_AVAILABILITY = YES_AGGRESSIVE;
				CLANG_WARN_UNREACHABLE_CODE = YES;
				CLANG_WARN__DUPLICATE_METHOD_MATCH = YES;
				COPY_PHASE_STRIP = NO;
				DEBUG_INFORMATION_FORMAT = dwarf;
				ENABLE_STRICT_OBJC_MSGSEND = YES;
				ENABLE_TESTABILITY = YES;
				GCC_C_LANGUAGE_STANDARD = gnu11;
				GCC_DYNAMIC_NO_PIC = NO;
				GCC_NO_COMMON_BLOCKS = YES;
				GCC_OPTIMIZATION_LEVEL = 0;
				GCC_PREPROCESSOR_DEFINITIONS = (
					"DEBUG=1",
					"$(inherited)",
				);
				GCC_WARN_64_TO_32_BIT_CONVERSION = YES;
				GCC_WARN_ABOUT_RETURN_TYPE = YES_ERROR;
				GCC_WARN_UNDECLARED_SELECTOR = YES;
				GCC_WARN_UNINITIALIZED_AUTOS = YES_AGGRESSIVE;
				GCC_WARN_UNUSED_FUNCTION = YES;
				GCC_WARN_UNUSED_VARIABLE = YES;
				IPHONEOS_DEPLOYMENT_TARGET = 15.1;
				MTL_ENABLE_DEBUG_INFO = INCLUDE_SOURCE;
				MTL_FAST_MATH = YES;
				ONLY_ACTIVE_ARCH = YES;
				SDKROOT = iphoneos;
				SWIFT_ACTIVE_COMPILATION_CONDITIONS = DEBUG;
				SWIFT_OPTIMIZATION_LEVEL = "-Onone";
			};
			name = Debug;
		};
		395AA7CE27C01D6600BFAE86 /* Release */ = {
			isa = XCBuildConfiguration;
			buildSettings = {
				ALWAYS_SEARCH_USER_PATHS = NO;
				CLANG_ANALYZER_NONNULL = YES;
				CLANG_ANALYZER_NUMBER_OBJECT_CONVERSION = YES_AGGRESSIVE;
				CLANG_CXX_LANGUAGE_STANDARD = "gnu++17";
				CLANG_CXX_LIBRARY = "libc++";
				CLANG_ENABLE_MODULES = YES;
				CLANG_ENABLE_OBJC_ARC = YES;
				CLANG_ENABLE_OBJC_WEAK = YES;
				CLANG_WARN_BLOCK_CAPTURE_AUTORELEASING = YES;
				CLANG_WARN_BOOL_CONVERSION = YES;
				CLANG_WARN_COMMA = YES;
				CLANG_WARN_CONSTANT_CONVERSION = YES;
				CLANG_WARN_DEPRECATED_OBJC_IMPLEMENTATIONS = YES;
				CLANG_WARN_DIRECT_OBJC_ISA_USAGE = YES_ERROR;
				CLANG_WARN_DOCUMENTATION_COMMENTS = YES;
				CLANG_WARN_EMPTY_BODY = YES;
				CLANG_WARN_ENUM_CONVERSION = YES;
				CLANG_WARN_INFINITE_RECURSION = YES;
				CLANG_WARN_INT_CONVERSION = YES;
				CLANG_WARN_NON_LITERAL_NULL_CONVERSION = YES;
				CLANG_WARN_OBJC_IMPLICIT_RETAIN_SELF = YES;
				CLANG_WARN_OBJC_LITERAL_CONVERSION = YES;
				CLANG_WARN_OBJC_ROOT_CLASS = YES_ERROR;
				CLANG_WARN_QUOTED_INCLUDE_IN_FRAMEWORK_HEADER = YES;
				CLANG_WARN_RANGE_LOOP_ANALYSIS = YES;
				CLANG_WARN_STRICT_PROTOTYPES = YES;
				CLANG_WARN_SUSPICIOUS_MOVE = YES;
				CLANG_WARN_UNGUARDED_AVAILABILITY = YES_AGGRESSIVE;
				CLANG_WARN_UNREACHABLE_CODE = YES;
				CLANG_WARN__DUPLICATE_METHOD_MATCH = YES;
				COPY_PHASE_STRIP = NO;
				DEBUG_INFORMATION_FORMAT = "dwarf-with-dsym";
				ENABLE_NS_ASSERTIONS = NO;
				ENABLE_STRICT_OBJC_MSGSEND = YES;
				GCC_C_LANGUAGE_STANDARD = gnu11;
				GCC_NO_COMMON_BLOCKS = YES;
				GCC_WARN_64_TO_32_BIT_CONVERSION = YES;
				GCC_WARN_ABOUT_RETURN_TYPE = YES_ERROR;
				GCC_WARN_UNDECLARED_SELECTOR = YES;
				GCC_WARN_UNINITIALIZED_AUTOS = YES_AGGRESSIVE;
				GCC_WARN_UNUSED_FUNCTION = YES;
				GCC_WARN_UNUSED_VARIABLE = YES;
				IPHONEOS_DEPLOYMENT_TARGET = 15.1;
				MTL_ENABLE_DEBUG_INFO = NO;
				MTL_FAST_MATH = YES;
				SDKROOT = iphoneos;
				SWIFT_COMPILATION_MODE = wholemodule;
				SWIFT_OPTIMIZATION_LEVEL = "-O";
				VALIDATE_PRODUCT = YES;
			};
			name = Release;
		};
		395AA7D027C01D6600BFAE86 /* Debug */ = {
			isa = XCBuildConfiguration;
			buildSettings = {
				ASSETCATALOG_COMPILER_APPICON_NAME = AppIcon;
				ASSETCATALOG_COMPILER_GLOBAL_ACCENT_COLOR_NAME = AccentColor;
				CODE_SIGN_STYLE = Automatic;
				CURRENT_PROJECT_VERSION = 1;
				DEVELOPMENT_TEAM = AV8NQS24A9;
				GENERATE_INFOPLIST_FILE = YES;
				INFOPLIST_FILE = OutfitGenerator/Info.plist;
				INFOPLIST_KEY_UIApplicationSupportsIndirectInputEvents = YES;
				INFOPLIST_KEY_UILaunchStoryboardName = LaunchScreen;
				INFOPLIST_KEY_UIMainStoryboardFile = Main;
				INFOPLIST_KEY_UISupportedInterfaceOrientations_iPad = "UIInterfaceOrientationPortrait UIInterfaceOrientationPortraitUpsideDown UIInterfaceOrientationLandscapeLeft UIInterfaceOrientationLandscapeRight";
				INFOPLIST_KEY_UISupportedInterfaceOrientations_iPhone = "UIInterfaceOrientationPortrait UIInterfaceOrientationLandscapeLeft UIInterfaceOrientationLandscapeRight";
				LD_RUNPATH_SEARCH_PATHS = (
					"$(inherited)",
					"@executable_path/Frameworks",
				);
				MARKETING_VERSION = 1.0;
				PRODUCT_BUNDLE_IDENTIFIER = me.Ashley.Smith.OutfitGenerator;
				PRODUCT_NAME = "$(TARGET_NAME)";
				SWIFT_EMIT_LOC_STRINGS = YES;
				SWIFT_VERSION = 5.0;
				TARGETED_DEVICE_FAMILY = "1,2";
			};
			name = Debug;
		};
		395AA7D127C01D6600BFAE86 /* Release */ = {
			isa = XCBuildConfiguration;
			buildSettings = {
				ASSETCATALOG_COMPILER_APPICON_NAME = AppIcon;
				ASSETCATALOG_COMPILER_GLOBAL_ACCENT_COLOR_NAME = AccentColor;
				CODE_SIGN_STYLE = Automatic;
				CURRENT_PROJECT_VERSION = 1;
				DEVELOPMENT_TEAM = AV8NQS24A9;
				GENERATE_INFOPLIST_FILE = YES;
				INFOPLIST_FILE = OutfitGenerator/Info.plist;
				INFOPLIST_KEY_UIApplicationSupportsIndirectInputEvents = YES;
				INFOPLIST_KEY_UILaunchStoryboardName = LaunchScreen;
				INFOPLIST_KEY_UIMainStoryboardFile = Main;
				INFOPLIST_KEY_UISupportedInterfaceOrientations_iPad = "UIInterfaceOrientationPortrait UIInterfaceOrientationPortraitUpsideDown UIInterfaceOrientationLandscapeLeft UIInterfaceOrientationLandscapeRight";
				INFOPLIST_KEY_UISupportedInterfaceOrientations_iPhone = "UIInterfaceOrientationPortrait UIInterfaceOrientationLandscapeLeft UIInterfaceOrientationLandscapeRight";
				LD_RUNPATH_SEARCH_PATHS = (
					"$(inherited)",
					"@executable_path/Frameworks",
				);
				MARKETING_VERSION = 1.0;
				PRODUCT_BUNDLE_IDENTIFIER = me.Ashley.Smith.OutfitGenerator;
				PRODUCT_NAME = "$(TARGET_NAME)";
				SWIFT_EMIT_LOC_STRINGS = YES;
				SWIFT_VERSION = 5.0;
				TARGETED_DEVICE_FAMILY = "1,2";
			};
			name = Release;
		};
/* End XCBuildConfiguration section */

/* Begin XCConfigurationList section */
		395AA7B627C01D6200BFAE86 /* Build configuration list for PBXProject "OutfitGenerator" */ = {
			isa = XCConfigurationList;
			buildConfigurations = (
				395AA7CD27C01D6600BFAE86 /* Debug */,
				395AA7CE27C01D6600BFAE86 /* Release */,
			);
			defaultConfigurationIsVisible = 0;
			defaultConfigurationName = Release;
		};
		395AA7CF27C01D6600BFAE86 /* Build configuration list for PBXNativeTarget "OutfitGenerator" */ = {
			isa = XCConfigurationList;
			buildConfigurations = (
				395AA7D027C01D6600BFAE86 /* Debug */,
				395AA7D127C01D6600BFAE86 /* Release */,
			);
			defaultConfigurationIsVisible = 0;
			defaultConfigurationName = Release;
		};
/* End XCConfigurationList section */
	};
	rootObject = 395AA7B327C01D6200BFAE86 /* Project object */;
}
